
Microsoft Visual Studio Solution File, Format Version 12.00
# Visual Studio Version 16
VisualStudioVersion = 16.0.29215.179
MinimumVisualStudioVersion = 10.0.40219.1
Project("{FAE04EC0-301F-11D3-BF4B-00C04F79EFBC}") = "MineSweeperVF1", "MineSweeperVF1\MineSweeperVF1.csproj", "{55AF14D5-A658-4077-9FD8-67A1ADE334A2}"
EndProject
Global
	GlobalSection(SolutionConfigurationPlatforms) = preSolution
		Debug|Any CPU = Debug|Any CPU
		Release|Any CPU = Release|Any CPU
	EndGlobalSection
	GlobalSection(ProjectConfigurationPlatforms) = postSolution
		{55AF14D5-A658-4077-9FD8-67A1ADE334A2}.Debug|Any CPU.ActiveCfg = Debug|Any CPU
		{55AF14D5-A658-4077-9FD8-67A1ADE334A2}.Debug|Any CPU.Build.0 = Debug|Any CPU
		{55AF14D5-A658-4077-9FD8-67A1ADE334A2}.Release|Any CPU.ActiveCfg = Release|Any CPU
		{55AF14D5-A658-4077-9FD8-67A1ADE334A2}.Release|Any CPU.Build.0 = Release|Any CPU
	EndGlobalSection
	GlobalSection(SolutionProperties) = preSolution
		HideSolutionNode = FALSE
	EndGlobalSection
	GlobalSection(ExtensibilityGlobals) = postSolution
		SolutionGuid = {D5C3DC98-325F-41A9-85A9-D06BD63D8600}
	EndGlobalSection
EndGlobal
